PODS:
  - JSONKit-NoWarning (1.2)
  - MagicalRecord (2.2):
    - MagicalRecord/Core (= 2.2)
  - MagicalRecord/Core (2.2)
  - MBProgressHUD (0.9)
  - MKNetworkKit (0.87):
    - Reachability (~> 3.1.0)
  - MKNetworkKit+RACExtensions (0.2):
    - MKNetworkKit
    - ReactiveCocoa
  - pop (1.0.7)
  - Reachability (3.1.1)
  - ReactiveCocoa (2.3.1):
    - ReactiveCocoa/UI (= 2.3.1)
  - ReactiveCocoa/Core (2.3.1):
    - ReactiveCocoa/no-arc
  - ReactiveCocoa/no-arc (2.3.1)
  - ReactiveCocoa/UI (2.3.1):
    - ReactiveCocoa/Core
  - SDWebImage (3.7.1):
    - SDWebImage/Core (= 3.7.1)
  - SDWebImage-ProgressView (0.4.0):
    - SDWebImage (~> 3.7.0)
  - SDWebImage/Core (3.7.1)
  - uiview-frame-helpers (0.1.1)
  - UIViewController+HUD (1.0.0):
    - MBProgressHUD (~> 0.8)

DEPENDENCIES:
  - JSONKit-NoWarning (~> 1.2)
  - MagicalRecord (~> 2.2)
  - MKNetworkKit+RACExtensions (~> 0.2)
  - pop (~> 1.0.7)
  - SDWebImage-ProgressView (~> 0.4.0)
  - uiview-frame-helpers (~> 0.1.1)
  - UIViewController+HUD (~> 1.0.0)

SPEC CHECKSUMS:
  JSONKit-NoWarning: fc8d6dd8ec65e303867d1bd274632fc60a4a8ab9
  MagicalRecord: 2b471584fc9e3137f3d0a56967917baa4979e224
  MBProgressHUD: 2038dbcf3dce73215abed6001657043d53aa79a8
  MKNetworkKit: 83e6296a8d42e98a71880424a889773654846d74
  MKNetworkKit+RACExtensions: baa56100a80213502583935342bcda28c7f5f1e8
  pop: 2f14a1ea61339767af9e66741b418c831b3844df
  Reachability: 8e9635e3cb4f98e7f825e51147f677ecc694d0e7
  ReactiveCocoa: dca75777b9d18990c8714a3a6f2149f29b4d1462
  SDWebImage: 116e88633b5b416ea0ca4b334a4ac59cf72dd38d
  SDWebImage-ProgressView: 5b094a93013b3f6ae9d622b58055c942c964b678
  uiview-frame-helpers: 68ff15193c81e40695cb50f7eedee88e57077efc
  UIViewController+HUD: 71fff93ced635fb7c934b51a38de5007d65bad37

COCOAPODS: 0.35.0
